// !$*UTF8*$!
{
	archiveVersion = 1;
	classes = {
	};
	objectVersion = 77;
	objects = {

/* Begin PBXContainerItemProxy section */
		CF8E9C6E2C9CBAC10079DE0F /* PBXContainerItemProxy */ = {
			isa = PBXContainerItemProxy;
			containerPortal = CF8E9C4F2C9CBABE0079DE0F /* Project object */;
			proxyType = 1;
			remoteGlobalIDString = CF8E9C562C9CBABE0079DE0F;
			remoteInfo = "Lab 1";
		};
		CF8E9C782C9CBAC10079DE0F /* PBXContainerItemProxy */ = {
			isa = PBXContainerItemProxy;
			containerPortal = CF8E9C4F2C9CBABE0079DE0F /* Project object */;
			proxyType = 1;
			remoteGlobalIDString = CF8E9C562C9CBABE0079DE0F;
			remoteInfo = "Lab 1";
		};
/* End PBXContainerItemProxy section */

/* Begin PBXFileReference section */
		CF8E9C572C9CBABE0079DE0F /* Lab 1.app */ = {isa = PBXFileReference; explicitFileType = wrapper.application; includeInIndex = 0; path = "Lab 1.app"; sourceTree = BUILT_PRODUCTS_DIR; };
		CF8E9C6D2C9CBAC10079DE0F /* Lab 1Tests.xctest */ = {isa = PBXFileReference; explicitFileType = wrapper.cfbundle; includeInIndex = 0; path = "Lab 1Tests.xctest"; sourceTree = BUILT_PRODUCTS_DIR; };
		CF8E9C772C9CBAC10079DE0F /* Lab 1UITests.xctest */ = {isa = PBXFileReference; explicitFileType = wrapper.cfbundle; includeInIndex = 0; path = "Lab 1UITests.xctest"; sourceTree = BUILT_PRODUCTS_DIR; };
/* End PBXFileReference section */

/* Begin PBXFileSystemSynchronizedBuildFileExceptionSet section */
		CF8E9C7F2C9CBAC10079DE0F /* Exceptions for "Lab 1" folder in "Lab 1" target */ = {
			isa = PBXFileSystemSynchronizedBuildFileExceptionSet;
			membershipExceptions = (
				Info.plist,
			);
			target = CF8E9C562C9CBABE0079DE0F /* Lab 1 */;
		};
/* End PBXFileSystemSynchronizedBuildFileExceptionSet section */

/* Begin PBXFileSystemSynchronizedRootGroup section */
		CF8E9C592C9CBABE0079DE0F /* Lab 1 */ = {
			isa = PBXFileSystemSynchronizedRootGroup;
			exceptions = (
				CF8E9C7F2C9CBAC10079DE0F /* Exceptions for "Lab 1" folder in "Lab 1" target */,
			);
			path = "Lab 1";
			sourceTree = "<group>";
		};
		CF8E9C702C9CBAC10079DE0F /* Lab 1Tests */ = {
			isa = PBXFileSystemSynchronizedRootGroup;
			path = "Lab 1Tests";
			sourceTree = "<group>";
		};
		CF8E9C7A2C9CBAC10079DE0F /* Lab 1UITests */ = {
			isa = PBXFileSystemSynchronizedRootGroup;
			path = "Lab 1UITests";
			sourceTree = "<group>";
		};
/* End PBXFileSystemSynchronizedRootGroup section */

/* Begin PBXFrameworksBuildPhase section */
		CF8E9C542C9CBABE0079DE0F /* Frameworks */ = {
			isa = PBXFrameworksBuildPhase;
			buildActionMask = 2147483647;
			files = (
			);
			runOnlyForDeploymentPostprocessing = 0;
		};
		CF8E9C6A2C9CBAC10079DE0F /* Frameworks */ = {
			isa = PBXFrameworksBuildPhase;
			buildActionMask = 2147483647;
			files = (
			);
			runOnlyForDeploymentPostprocessing = 0;
		};
		CF8E9C742C9CBAC10079DE0F /* Frameworks */ = {
			isa = PBXFrameworksBuildPhase;
			buildActionMask = 2147483647;
			files = (
			);
			runOnlyForDeploymentPostprocessing = 0;
		};
/* End PBXFrameworksBuildPhase section */

/* Begin PBXGroup section */
		CF8E9C4E2C9CBABE0079DE0F = {
			isa = PBXGroup;
			children = (
				CF8E9C592C9CBABE0079DE0F /* Lab 1 */,
				CF8E9C702C9CBAC10079DE0F /* Lab 1Tests */,
				CF8E9C7A2C9CBAC10079DE0F /* Lab 1UITests */,
				CF8E9C582C9CBABE0079DE0F /* Products */,
			);
			sourceTree = "<group>";
		};
		CF8E9C582C9CBABE0079DE0F /* Products */ = {
			isa = PBXGroup;
			children = (
				CF8E9C572C9CBABE0079DE0F /* Lab 1.app */,
				CF8E9C6D2C9CBAC10079DE0F /* Lab 1Tests.xctest */,
				CF8E9C772C9CBAC10079DE0F /* Lab 1UITests.xctest */,
			);
			name = Products;
			sourceTree = "<group>";
		};
/* End PBXGroup section */

/* Begin PBXNativeTarget section */
		CF8E9C562C9CBABE0079DE0F /* Lab 1 */ = {
			isa = PBXNativeTarget;
			buildConfigurationList = CF8E9C802C9CBAC10079DE0F /* Build configuration list for PBXNativeTarget "Lab 1" */;
			buildPhases = (
				CF8E9C532C9CBABE0079DE0F /* Sources */,
				CF8E9C542C9CBABE0079DE0F /* Frameworks */,
				CF8E9C552C9CBABE0079DE0F /* Resources */,
			);
			buildRules = (
			);
			dependencies = (
			);
			fileSystemSynchronizedGroups = (
				CF8E9C592C9CBABE0079DE0F /* Lab 1 */,
			);
			name = "Lab 1";
			packageProductDependencies = (
			);
			productName = "Lab 1";
			productReference = CF8E9C572C9CBABE0079DE0F /* Lab 1.app */;
			productType = "com.apple.product-type.application";
		};
		CF8E9C6C2C9CBAC10079DE0F /* Lab 1Tests */ = {
			isa = PBXNativeTarget;
			buildConfigurationList = CF8E9C852C9CBAC10079DE0F /* Build configuration list for PBXNativeTarget "Lab 1Tests" */;
			buildPhases = (
				CF8E9C692C9CBAC10079DE0F /* Sources */,
				CF8E9C6A2C9CBAC10079DE0F /* Frameworks */,
				CF8E9C6B2C9CBAC10079DE0F /* Resources */,
			);
			buildRules = (
			);
			dependencies = (
				CF8E9C6F2C9CBAC10079DE0F /* PBXTargetDependency */,
			);
			fileSystemSynchronizedGroups = (
				CF8E9C702C9CBAC10079DE0F /* Lab 1Tests */,
			);
			name = "Lab 1Tests";
			packageProductDependencies = (
			);
			productName = "Lab 1Tests";
			productReference = CF8E9C6D2C9CBAC10079DE0F /* Lab 1Tests.xctest */;
			productType = "com.apple.product-type.bundle.unit-test";
		};
		CF8E9C762C9CBAC10079DE0F /* Lab 1UITests */ = {
			isa = PBXNativeTarget;
			buildConfigurationList = CF8E9C882C9CBAC10079DE0F /* Build configuration list for PBXNativeTarget "Lab 1UITests" */;
			buildPhases = (
				CF8E9C732C9CBAC10079DE0F /* Sources */,
				CF8E9C742C9CBAC10079DE0F /* Frameworks */,
				CF8E9C752C9CBAC10079DE0F /* Resources */,
			);
			buildRules = (
			);
			dependencies = (
				CF8E9C792C9CBAC10079DE0F /* PBXTargetDependency */,
			);
			fileSystemSynchronizedGroups = (
				CF8E9C7A2C9CBAC10079DE0F /* Lab 1UITests */,
			);
			name = "Lab 1UITests";
			packageProductDependencies = (
			);
			productName = "Lab 1UITests";
			productReference = CF8E9C772C9CBAC10079DE0F /* Lab 1UITests.xctest */;
			productType = "com.apple.product-type.bundle.ui-testing";
		};
/* End PBXNativeTarget section */

/* Begin PBXProject section */
		CF8E9C4F2C9CBABE0079DE0F /* Project object */ = {
			isa = PBXProject;
			attributes = {
				BuildIndependentTargetsInParallel = 1;
				LastSwiftUpdateCheck = 1600;
				LastUpgradeCheck = 1600;
				TargetAttributes = {
					CF8E9C562C9CBABE0079DE0F = {
						CreatedOnToolsVersion = 16.0;
					};
					CF8E9C6C2C9CBAC10079DE0F = {
						CreatedOnToolsVersion = 16.0;
						TestTargetID = CF8E9C562C9CBABE0079DE0F;
					};
					CF8E9C762C9CBAC10079DE0F = {
						CreatedOnToolsVersion = 16.0;
						TestTargetID = CF8E9C562C9CBABE0079DE0F;
					};
				};
			};
			buildConfigurationList = CF8E9C522C9CBABE0079DE0F /* Build configuration list for PBXProject "Lab 1" */;
			developmentRegion = en;
			hasScannedForEncodings = 0;
			knownRegions = (
				en,
				Base,
			);
			mainGroup = CF8E9C4E2C9CBABE0079DE0F;
			minimizedProjectReferenceProxies = 1;
			preferredProjectObjectVersion = 77;
			productRefGroup = CF8E9C582C9CBABE0079DE0F /* Products */;
			projectDirPath = "";
			projectRoot = "";
			targets = (
				CF8E9C562C9CBABE0079DE0F /* Lab 1 */,
				CF8E9C6C2C9CBAC10079DE0F /* Lab 1Tests */,
				CF8E9C762C9CBAC10079DE0F /* Lab 1UITests */,
			);
		};
/* End PBXProject section */

/* Begin PBXResourcesBuildPhase section */
		CF8E9C552C9CBABE0079DE0F /* Resources */ = {
			isa = PBXResourcesBuildPhase;
			buildActionMask = 2147483647;
			files = (
			);
			runOnlyForDeploymentPostprocessing = 0;
		};
		CF8E9C6B2C9CBAC10079DE0F /* Resources */ = {
			isa = PBXResourcesBuildPhase;
			buildActionMask = 2147483647;
			files = (
			);
			runOnlyForDeploymentPostprocessing = 0;
		};
		CF8E9C752C9CBAC10079DE0F /* Resources */ = {
			isa = PBXResourcesBuildPhase;
			buildActionMask = 2147483647;
			files = (
			);
			runOnlyForDeploymentPostprocessing = 0;
		};
/* End PBXResourcesBuildPhase section */

/* Begin PBXSourcesBuildPhase section */
		CF8E9C532C9CBABE0079DE0F /* Sources */ = {
			isa = PBXSourcesBuildPhase;
			buildActionMask = 2147483647;
			files = (
			);
			runOnlyForDeploymentPostprocessing = 0;
		};
		CF8E9C692C9CBAC10079DE0F /* Sources */ = {
			isa = PBXSourcesBuildPhase;
			buildActionMask = 2147483647;
			files = (
			);
			runOnlyForDeploymentPostprocessing = 0;
		};
		CF8E9C732C9CBAC10079DE0F /* Sources */ = {
			isa = PBXSourcesBuildPhase;
			buildActionMask = 2147483647;
			files = (
			);
			runOnlyForDeploymentPostprocessing = 0;
		};
/* End PBXSourcesBuildPhase section */

/* Begin PBXTargetDependency section */
		CF8E9C6F2C9CBAC10079DE0F /* PBXTargetDependency */ = {
			isa = PBXTargetDependency;
			target = CF8E9C562C9CBABE0079DE0F /* Lab 1 */;
			targetProxy = CF8E9C6E2C9CBAC10079DE0F /* PBXContainerItemProxy */;
		};
		CF8E9C792C9CBAC10079DE0F /* PBXTargetDependency */ = {
			isa = PBXTargetDependency;
			target = CF8E9C562C9CBABE0079DE0F /* Lab 1 */;
			targetProxy = CF8E9C782C9CBAC10079DE0F /* PBXContainerItemProxy */;
		};
/* End PBXTargetDependency section */

/* Begin XCBuildConfiguration section */
		CF8E9C812C9CBAC10079DE0F /* Debug */ = {
			isa = XCBuildConfiguration;
			buildSettings = {
				ASSETCATALOG_COMPILER_APPICON_NAME = AppIcon;
				ASSETCATALOG_COMPILER_GLOBAL_ACCENT_COLOR_NAME = AccentColor;
				CODE_SIGN_STYLE = Automatic;
				CURRENT_PROJECT_VERSION = 1;
				DEVELOPMENT_TEAM = 2JH6FWJJ3F;
				GENERATE_INFOPLIST_FILE = YES;
				INFOPLIST_FILE = "Lab 1/Info.plist";
				INFOPLIST_KEY_UIApplicationSupportsIndirectInputEvents = YES;
				INFOPLIST_KEY_UILaunchStoryboardName = LaunchScreen;
				INFOPLIST_KEY_UIMainStoryboardFile = Main;
				INFOPLIST_KEY_UISupportedInterfaceOrientations_iPad = "UIInterfaceOrientationPortrait UIInterfaceOrientationPortraitUpsideDown UIInterfaceOrientationLandscapeLeft UIInterfaceOrientationLandscapeRight";
				INFOPLIST_KEY_UISupportedInterfaceOrientations_iPhone = "UIInterfaceOrientationPortrait UIInterfaceOrientationLandscapeLeft UIInterfaceOrientationLandscapeRight";
				LD_RUNPATH_SEARCH_PATHS = (
					"$(inherited)",
					"@executable_path/Frameworks",
				);
				MARKETING_VERSION = 1.0;
				PRODUCT_BUNDLE_IDENTIFIER = "Ruthiwik-Nomula.Lab-1";
				PRODUCT_NAME = "$(TARGET_NAME)";
				SWIFT_EMIT_LOC_STRINGS = YES;
				SWIFT_VERSION = 5.0;
				TARGETED_DEVICE_FAMILY = "1,2";
			};
			name = Debug;
		};
		CF8E9C822C9CBAC10079DE0F /* Release */ = {
			isa = XCBuildConfiguration;
			buildSettings = {
				ASSETCATALOG_COMPILER_APPICON_NAME = AppIcon;
				ASSETCATALOG_COMPILER_GLOBAL_ACCENT_COLOR_NAME = AccentColor;
				CODE_SIGN_STYLE = Automatic;
				CURRENT_PROJECT_VERSION = 1;
				DEVELOPMENT_TEAM = 2JH6FWJJ3F;
				GENERATE_INFOPLIST_FILE = YES;
				INFOPLIST_FILE = "Lab 1/Info.plist";
				INFOPLIST_KEY_UIApplicationSupportsIndirectInputEvents = YES;
				INFOPLIST_KEY_UILaunchStoryboardName = LaunchScreen;
				INFOPLIST_KEY_UIMainStoryboardFile = Main;
				INFOPLIST_KEY_UISupportedInterfaceOrientations_iPad = "UIInterfaceOrientationPortrait UIInterfaceOrientationPortraitUpsideDown UIInterfaceOrientationLandscapeLeft UIInterfaceOrientationLandscapeRight";
				INFOPLIST_KEY_UISupportedInterfaceOrientations_iPhone = "UIInterfaceOrientationPortrait UIInterfaceOrientationLandscapeLeft UIInterfaceOrientationLandscapeRight";
				LD_RUNPATH_SEARCH_PATHS = (
					"$(inherited)",
					"@executable_path/Frameworks",
				);
				MARKETING_VERSION = 1.0;
				PRODUCT_BUNDLE_IDENTIFIER = "Ruthiwik-Nomula.Lab-1";
				PRODUCT_NAME = "$(TARGET_NAME)";
				SWIFT_EMIT_LOC_STRINGS = YES;
				SWIFT_VERSION = 5.0;
				TARGETED_DEVICE_FAMILY = "1,2";
			};
			name = Release;
		};
		CF8E9C832C9CBAC10079DE0F /* Debug */ = {
			isa = XCBuildConfiguration;
			buildSettings = {
				ALWAYS_SEARCH_USER_PATHS = NO;
				ASSETCATALOG_COMPILER_GENERATE_SWIFT_ASSET_SYMBOL_EXTENSIONS = YES;
				CLANG_ANALYZER_NONNULL = YES;
				CLANG_ANALYZER_NUMBER_OBJECT_CONVERSION = YES_AGGRESSIVE;
				CLANG_CXX_LANGUAGE_STANDARD = "gnu++20";
				CLANG_ENABLE_MODULES = YES;
				CLANG_ENABLE_OBJC_ARC = YES;
				CLANG_ENABLE_OBJC_WEAK = YES;
				CLANG_WARN_BLOCK_CAPTURE_AUTORELEASING = YES;
				CLANG_WARN_BOOL_CONVERSION = YES;
				CLANG_WARN_COMMA = YES;
				CLANG_WARN_CONSTANT_CONVERSION = YES;
				CLANG_WARN_DEPRECATED_OBJC_IMPLEMENTATIONS = YES;
				CLANG_WARN_DIRECT_OBJC_ISA_USAGE = YES_ERROR;
				CLANG_WARN_DOCUMENTATION_COMMENTS = YES;
				CLANG_WARN_EMPTY_BODY = YES;
				CLANG_WARN_ENUM_CONVERSION = YES;
				CLANG_WARN_INFINITE_RECURSION = YES;
				CLANG_WARN_INT_CONVERSION = YES;
				CLANG_WARN_NON_LITERAL_NULL_CONVERSION = YES;
				CLANG_WARN_OBJC_IMPLICIT_RETAIN_SELF = YES;
				CLANG_WARN_OBJC_LITERAL_CONVERSION = YES;
				CLANG_WARN_OBJC_ROOT_CLASS = YES_ERROR;
				CLANG_WARN_QUOTED_INCLUDE_IN_FRAMEWORK_HEADER = YES;
				CLANG_WARN_RANGE_LOOP_ANALYSIS = YES;
				CLANG_WARN_STRICT_PROTOTYPES = YES;
				CLANG_WARN_SUSPICIOUS_MOVE = YES;
				CLANG_WARN_UNGUARDED_AVAILABILITY = YES_AGGRESSIVE;
				CLANG_WARN_UNREACHABLE_CODE = YES;
				CLANG_WARN__DUPLICATE_METHOD_MATCH = YES;
				COPY_PHASE_STRIP = NO;
				DEBUG_INFORMATION_FORMAT = dwarf;
				ENABLE_STRICT_OBJC_MSGSEND = YES;
				ENABLE_TESTABILITY = YES;
				ENABLE_USER_SCRIPT_SANDBOXING = YES;
				GCC_C_LANGUAGE_STANDARD = gnu17;
				GCC_DYNAMIC_NO_PIC = NO;
				GCC_NO_COMMON_BLOCKS = YES;
				GCC_OPTIMIZATION_LEVEL = 0;
				GCC_PREPROCESSOR_DEFINITIONS = (
					"DEBUG=1",
					"$(inherited)",
				);
				GCC_WARN_64_TO_32_BIT_CONVERSION = YES;
				GCC_WARN_ABOUT_RETURN_TYPE = YES_ERROR;
				GCC_WARN_UNDECLARED_SELECTOR = YES;
				GCC_WARN_UNINITIALIZED_AUTOS = YES_AGGRESSIVE;
				GCC_WARN_UNUSED_FUNCTION = YES;
				GCC_WARN_UNUSED_VARIABLE = YES;
				IPHONEOS_DEPLOYMENT_TARGET = 18.0;
				LOCALIZATION_PREFERS_STRING_CATALOGS = YES;
				MTL_ENABLE_DEBUG_INFO = INCLUDE_SOURCE;
				MTL_FAST_MATH = YES;
				ONLY_ACTIVE_ARCH = YES;
				SDKROOT = iphoneos;
				SWIFT_ACTIVE_COMPILATION_CONDITIONS = "DEBUG $(inherited)";
				SWIFT_OPTIMIZATION_LEVEL = "-Onone";
			};
			name = Debug;
		};
		CF8E9C842C9CBAC10079DE0F /* Release */ = {
			isa = XCBuildConfiguration;
			buildSettings = {
				ALWAYS_SEARCH_USER_PATHS = NO;
				ASSETCATALOG_COMPILER_GENERATE_SWIFT_ASSET_SYMBOL_EXTENSIONS = YES;
				CLANG_ANALYZER_NONNULL = YES;
				CLANG_ANALYZER_NUMBER_OBJECT_CONVERSION = YES_AGGRESSIVE;
				CLANG_CXX_LANGUAGE_STANDARD = "gnu++20";
				CLANG_ENABLE_MODULES = YES;
				CLANG_ENABLE_OBJC_ARC = YES;
				CLANG_ENABLE_OBJC_WEAK = YES;
				CLANG_WARN_BLOCK_CAPTURE_AUTORELEASING = YES;
				CLANG_WARN_BOOL_CONVERSION = YES;
				CLANG_WARN_COMMA = YES;
				CLANG_WARN_CONSTANT_CONVERSION = YES;
				CLANG_WARN_DEPRECATED_OBJC_IMPLEMENTATIONS = YES;
				CLANG_WARN_DIRECT_OBJC_ISA_USAGE = YES_ERROR;
				CLANG_WARN_DOCUMENTATION_COMMENTS = YES;
				CLANG_WARN_EMPTY_BODY = YES;
				CLANG_WARN_ENUM_CONVERSION = YES;
				CLANG_WARN_INFINITE_RECURSION = YES;
				CLANG_WARN_INT_CONVERSION = YES;
				CLANG_WARN_NON_LITERAL_NULL_CONVERSION = YES;
				CLANG_WARN_OBJC_IMPLICIT_RETAIN_SELF = YES;
				CLANG_WARN_OBJC_LITERAL_CONVERSION = YES;
				CLANG_WARN_OBJC_ROOT_CLASS = YES_ERROR;
				CLANG_WARN_QUOTED_INCLUDE_IN_FRAMEWORK_HEADER = YES;
				CLANG_WARN_RANGE_LOOP_ANALYSIS = YES;
				CLANG_WARN_STRICT_PROTOTYPES = YES;
				CLANG_WARN_SUSPICIOUS_MOVE = YES;
				CLANG_WARN_UNGUARDED_AVAILABILITY = YES_AGGRESSIVE;
				CLANG_WARN_UNREACHABLE_CODE = YES;
				CLANG_WARN__DUPLICATE_METHOD_MATCH = YES;
				COPY_PHASE_STRIP = NO;
				DEBUG_INFORMATION_FORMAT = "dwarf-with-dsym";
				ENABLE_NS_ASSERTIONS = NO;
				ENABLE_STRICT_OBJC_MSGSEND = YES;
				ENABLE_USER_SCRIPT_SANDBOXING = YES;
				GCC_C_LANGUAGE_STANDARD = gnu17;
				GCC_NO_COMMON_BLOCKS = YES;
				GCC_WARN_64_TO_32_BIT_CONVERSION = YES;
				GCC_WARN_ABOUT_RETURN_TYPE = YES_ERROR;
				GCC_WARN_UNDECLARED_SELECTOR = YES;
				GCC_WARN_UNINITIALIZED_AUTOS = YES_AGGRESSIVE;
				GCC_WARN_UNUSED_FUNCTION = YES;
				GCC_WARN_UNUSED_VARIABLE = YES;
				IPHONEOS_DEPLOYMENT_TARGET = 18.0;
				LOCALIZATION_PREFERS_STRING_CATALOGS = YES;
				MTL_ENABLE_DEBUG_INFO = NO;
				MTL_FAST_MATH = YES;
				SDKROOT = iphoneos;
				SWIFT_COMPILATION_MODE = wholemodule;
				VALIDATE_PRODUCT = YES;
			};
			name = Release;
		};
		CF8E9C862C9CBAC10079DE0F /* Debug */ = {
			isa = XCBuildConfiguration;
			buildSettings = {
				BUNDLE_LOADER = "$(TEST_HOST)";
				CODE_SIGN_STYLE = Automatic;
				CURRENT_PROJECT_VERSION = 1;
				DEVELOPMENT_TEAM = 2JH6FWJJ3F;
				GENERATE_INFOPLIST_FILE = YES;
				IPHONEOS_DEPLOYMENT_TARGET = 18.0;
				MARKETING_VERSION = 1.0;
				PRODUCT_BUNDLE_IDENTIFIER = "Ruthiwik-Nomula.Lab-1Tests";
				PRODUCT_NAME = "$(TARGET_NAME)";
				SWIFT_EMIT_LOC_STRINGS = NO;
				SWIFT_VERSION = 5.0;
				TARGETED_DEVICE_FAMILY = "1,2";
				TEST_HOST = "$(BUILT_PRODUCTS_DIR)/Lab 1.app/$(BUNDLE_EXECUTABLE_FOLDER_PATH)/Lab 1";
			};
			name = Debug;
		};
		CF8E9C872C9CBAC10079DE0F /* Release */ = {
			isa = XCBuildConfiguration;
			buildSettings = {
				BUNDLE_LOADER = "$(TEST_HOST)";
				CODE_SIGN_STYLE = Automatic;
				CURRENT_PROJECT_VERSION = 1;
				DEVELOPMENT_TEAM = 2JH6FWJJ3F;
				GENERATE_INFOPLIST_FILE = YES;
				IPHONEOS_DEPLOYMENT_TARGET = 18.0;
				MARKETING_VERSION = 1.0;
				PRODUCT_BUNDLE_IDENTIFIER = "Ruthiwik-Nomula.Lab-1Tests";
				PRODUCT_NAME = "$(TARGET_NAME)";
				SWIFT_EMIT_LOC_STRINGS = NO;
				SWIFT_VERSION = 5.0;
				TARGETED_DEVICE_FAMILY = "1,2";
				TEST_HOST = "$(BUILT_PRODUCTS_DIR)/Lab 1.app/$(BUNDLE_EXECUTABLE_FOLDER_PATH)/Lab 1";
			};
			name = Release;
		};
		CF8E9C892C9CBAC10079DE0F /* Debug */ = {
			isa = XCBuildConfiguration;
			buildSettings = {
				CODE_SIGN_STYLE = Automatic;
				CURRENT_PROJECT_VERSION = 1;
				DEVELOPMENT_TEAM = 2JH6FWJJ3F;
				GENERATE_INFOPLIST_FILE = YES;
				MARKETING_VERSION = 1.0;
				PRODUCT_BUNDLE_IDENTIFIER = "Ruthiwik-Nomula.Lab-1UITests";
				PRODUCT_NAME = "$(TARGET_NAME)";
				SWIFT_EMIT_LOC_STRINGS = NO;
				SWIFT_VERSION = 5.0;
				TARGETED_DEVICE_FAMILY = "1,2";
				TEST_TARGET_NAME = "Lab 1";
			};
			name = Debug;
		};
		CF8E9C8A2C9CBAC10079DE0F /* Release */ = {
			isa = XCBuildConfiguration;
			buildSettings = {
				CODE_SIGN_STYLE = Automatic;
				CURRENT_PROJECT_VERSION = 1;
				DEVELOPMENT_TEAM = 2JH6FWJJ3F;
				GENERATE_INFOPLIST_FILE = YES;
				MARKETING_VERSION = 1.0;
				PRODUCT_BUNDLE_IDENTIFIER = "Ruthiwik-Nomula.Lab-1UITests";
				PRODUCT_NAME = "$(TARGET_NAME)";
				SWIFT_EMIT_LOC_STRINGS = NO;
				SWIFT_VERSION = 5.0;
				TARGETED_DEVICE_FAMILY = "1,2";
				TEST_TARGET_NAME = "Lab 1";
			};
			name = Release;
		};
/* End XCBuildConfiguration section */

/* Begin XCConfigurationList section */
		CF8E9C522C9CBABE0079DE0F /* Build configuration list for PBXProject "Lab 1" */ = {
			isa = XCConfigurationList;
			buildConfigurations = (
				CF8E9C832C9CBAC10079DE0F /* Debug */,
				CF8E9C842C9CBAC10079DE0F /* Release */,
			);
			defaultConfigurationIsVisible = 0;
			defaultConfigurationName = Release;
		};
		CF8E9C802C9CBAC10079DE0F /* Build configuration list for PBXNativeTarget "Lab 1" */ = {
			isa = XCConfigurationList;
			buildConfigurations = (
				CF8E9C812C9CBAC10079DE0F /* Debug */,
				CF8E9C822C9CBAC10079DE0F /* Release */,
			);
			defaultConfigurationIsVisible = 0;
			defaultConfigurationName = Release;
		};
		CF8E9C852C9CBAC10079DE0F /* Build configuration list for PBXNativeTarget "Lab 1Tests" */ = {
			isa = XCConfigurationList;
			buildConfigurations = (
				CF8E9C862C9CBAC10079DE0F /* Debug */,
				CF8E9C872C9CBAC10079DE0F /* Release */,
			);
			defaultConfigurationIsVisible = 0;
			defaultConfigurationName = Release;
		};
		CF8E9C882C9CBAC10079DE0F /* Build configuration list for PBXNativeTarget "Lab 1UITests" */ = {
			isa = XCConfigurationList;
			buildConfigurations = (
				CF8E9C892C9CBAC10079DE0F /* Debug */,
				CF8E9C8A2C9CBAC10079DE0F /* Release */,
			);
			defaultConfigurationIsVisible = 0;
			defaultConfigurationName = Release;
		};
/* End XCConfigurationList section */
	};
	rootObject = CF8E9C4F2C9CBABE0079DE0F /* Project object */;
}
